
Microsoft Visual Studio Solution File, Format Version 12.00
# Visual Studio Version 17
VisualStudioVersion = 17.0.32112.339
MinimumVisualStudioVersion = 10.0.40219.1
Project("{9A19103F-16F7-4668-BE54-9A1E7A4F7556}") = "ToDoList.Web", "BookWeb\ToDoList.Web.csproj", "{21C3D9F2-258B-40B9-BE9F-9826A40CC9E5}"
EndProject
Project("{FAE04EC0-301F-11D3-BF4B-00C04F79EFBC}") = "ToDoList.Model", "ToDoList.Model\ToDoList.Model.csproj", "{7E177FE6-F217-4062-B806-6DDFE50DDE9C}"
EndProject
Project("{FAE04EC0-301F-11D3-BF4B-00C04F79EFBC}") = "ToDoList.DataAccess", "ToDoList.DataAccess\ToDoList.DataAccess.csproj", "{B16A8C00-F0F3-4009-9E4F-8B8955867209}"
EndProject
Project("{FAE04EC0-301F-11D3-BF4B-00C04F79EFBC}") = "ToDoList.Controller", "ToDoList.Controller\ToDoList.Controller.csproj", "{5D6878C8-97DA-49B4-9B0D-3433AC7FAFB6}"
EndProject
Global
	GlobalSection(SolutionConfigurationPlatforms) = preSolution
		Debug|Any CPU = Debug|Any CPU
		Release|Any CPU = Release|Any CPU
	EndGlobalSection
	GlobalSection(ProjectConfigurationPlatforms) = postSolution
		{21C3D9F2-258B-40B9-BE9F-9826A40CC9E5}.Debug|Any CPU.ActiveCfg = Debug|Any CPU
		{21C3D9F2-258B-40B9-BE9F-9826A40CC9E5}.Debug|Any CPU.Build.0 = Debug|Any CPU
		{21C3D9F2-258B-40B9-BE9F-9826A40CC9E5}.Release|Any CPU.ActiveCfg = Release|Any CPU
		{21C3D9F2-258B-40B9-BE9F-9826A40CC9E5}.Release|Any CPU.Build.0 = Release|Any CPU
		{7E177FE6-F217-4062-B806-6DDFE50DDE9C}.Debug|Any CPU.ActiveCfg = Debug|Any CPU
		{7E177FE6-F217-4062-B806-6DDFE50DDE9C}.Debug|Any CPU.Build.0 = Debug|Any CPU
		{7E177FE6-F217-4062-B806-6DDFE50DDE9C}.Release|Any CPU.ActiveCfg = Release|Any CPU
		{7E177FE6-F217-4062-B806-6DDFE50DDE9C}.Release|Any CPU.Build.0 = Release|Any CPU
		{B16A8C00-F0F3-4009-9E4F-8B8955867209}.Debug|Any CPU.ActiveCfg = Debug|Any CPU
		{B16A8C00-F0F3-4009-9E4F-8B8955867209}.Debug|Any CPU.Build.0 = Debug|Any CPU
		{B16A8C00-F0F3-4009-9E4F-8B8955867209}.Release|Any CPU.ActiveCfg = Release|Any CPU
		{B16A8C00-F0F3-4009-9E4F-8B8955867209}.Release|Any CPU.Build.0 = Release|Any CPU
		{5D6878C8-97DA-49B4-9B0D-3433AC7FAFB6}.Debug|Any CPU.ActiveCfg = Debug|Any CPU
		{5D6878C8-97DA-49B4-9B0D-3433AC7FAFB6}.Debug|Any CPU.Build.0 = Debug|Any CPU
		{5D6878C8-97DA-49B4-9B0D-3433AC7FAFB6}.Release|Any CPU.ActiveCfg = Release|Any CPU
		{5D6878C8-97DA-49B4-9B0D-3433AC7FAFB6}.Release|Any CPU.Build.0 = Release|Any CPU
	EndGlobalSection
	GlobalSection(SolutionProperties) = preSolution
		HideSolutionNode = FALSE
	EndGlobalSection
	GlobalSection(ExtensibilityGlobals) = postSolution
		SolutionGuid = {429BEED0-8B7E-4EF2-8AB3-F0D911F39AE9}
	EndGlobalSection
EndGlobal
